
Microsoft Visual Studio Solution File, Format Version 12.00
# Visual Studio Version 17
VisualStudioVersion = 17.2.32616.157
MinimumVisualStudioVersion = 10.0.40219.1
Project("{FAE04EC0-301F-11D3-BF4B-00C04F79EFBC}") = "Microsoft.WinGet.Source", "Microsoft.WinGet.Source\Microsoft.WinGet.Source.csproj", "{FD68B04B-3219-43AB-AD73-64FDD8DD9281}"
EndProject
Global
	GlobalSection(SolutionConfigurationPlatforms) = preSolution
		Debug|Any CPU = Debug|Any CPU
		Release|Any CPU = Release|Any CPU
	EndGlobalSection
	GlobalSection(ProjectConfigurationPlatforms) = postSolution
		{FD68B04B-3219-43AB-AD73-64FDD8DD9281}.Debug|Any CPU.ActiveCfg = Debug|Any CPU
		{FD68B04B-3219-43AB-AD73-64FDD8DD9281}.Debug|Any CPU.Build.0 = Debug|Any CPU
		{FD68B04B-3219-43AB-AD73-64FDD8DD9281}.Release|Any CPU.ActiveCfg = Release|Any CPU
		{FD68B04B-3219-43AB-AD73-64FDD8DD9281}.Release|Any CPU.Build.0 = Release|Any CPU
	EndGlobalSection
	GlobalSection(SolutionProperties) = preSolution
		HideSolutionNode = FALSE
	EndGlobalSection
	GlobalSection(ExtensibilityGlobals) = postSolution
		SolutionGuid = {37FE7F53-DFE0-4DB9-B841-A576095DE256}
	EndGlobalSection
EndGlobal
