Microsoft Visual Studio Solution File, Format Version 12.00
# Visual Studio Version 17
VisualStudioVersion = 17.0.31710.8
MinimumVisualStudioVersion = 10.0.40219.1
Project("{9A19103F-16F7-4668-BE54-9A1E7A4F7556}") = "WinGet.RestSource", "WinGet.RestSource\WinGet.RestSource.csproj", "{15E4BE9B-2891-410A-A042-47FE838B1AEC}"
EndProject
Project("{9A19103F-16F7-4668-BE54-9A1E7A4F7556}") = "WinGet.RestSource.Functions", "WinGet.RestSource.Functions\WinGet.RestSource.Functions.csproj", "{90FD325A-57FF-4FD4-A9A6-FCB32661D5DA}"
EndProject
Project("{2150E333-8FDC-42A3-9474-1A3956D46DE8}") = "Solution Items", "Solution Items", "{145CC9B9-A93E-46C1-90F7-DFB81233B39F}"
	ProjectSection(SolutionItems) = preProject
		stylecop.json = stylecop.json
	EndProjectSection
EndProject
Project("{151D2E53-A2C4-4D7D-83FE-D05416EBD58E}") = "WinGet.RestSource.Infrastructure", "WinGet.RestSource.Infrastructure\WinGet.RestSource.Infrastructure.deployproj", "{0F98E939-EC64-40DA-9630-336A40807BBE}"
EndProject
Project("{9A19103F-16F7-4668-BE54-9A1E7A4F7556}") = "WinGet.RestSource.UnitTest", "WinGet.RestSource.UnitTest\WinGet.RestSource.UnitTest.csproj", "{3CD39A15-0E0E-4C71-AC8A-A2D3BF9D42AB}"
EndProject
Project("{9A19103F-16F7-4668-BE54-9A1E7A4F7556}") = "WinGet.RestSource.PowershellSupport", "WinGet.RestSource.PowershellSupport\WinGet.RestSource.PowershellSupport.csproj", "{F2B5CF2A-9FC0-430D-A1BB-AC718E659DBF}"
EndProject
Project("{9A19103F-16F7-4668-BE54-9A1E7A4F7556}") = "WinGet.RestSource.Utils", "WinGet.RestSource.Utils\WinGet.RestSource.Utils.csproj", "{0BB2CC46-C7C4-4944-843E-ADBE14CEF29B}"
EndProject
Project("{2150E333-8FDC-42A3-9474-1A3956D46DE8}") = "Pipelines", "Pipelines", "{0D917189-B042-45F5-A5C3-F90C7B86B835}"
	ProjectSection(SolutionItems) = preProject
		..\pipelines\winget-cli-restsource-ci.yml = ..\pipelines\winget-cli-restsource-ci.yml
	EndProjectSection
EndProject
Project("{2150E333-8FDC-42A3-9474-1A3956D46DE8}") = "Templates", "Templates", "{ACFA9838-3FB2-4091-8BFF-BCB069D77A4D}"
	ProjectSection(SolutionItems) = preProject
		..\pipelines\templates\copy-and-publish-powershell.yml = ..\pipelines\templates\copy-and-publish-powershell.yml
		..\pipelines\templates\copy-and-publish.yml = ..\pipelines\templates\copy-and-publish.yml
		..\pipelines\templates\package-and-publish.yml = ..\pipelines\templates\package-and-publish.yml
		..\pipelines\templates\restore-build-publish-test.yml = ..\pipelines\templates\restore-build-publish-test.yml
		..\pipelines\templates\run-unittests.yml = ..\pipelines\templates\run-unittests.yml
	EndProjectSection
EndProject
Global
	GlobalSection(SolutionConfigurationPlatforms) = preSolution
		Debug|Any CPU = Debug|Any CPU
		Release|Any CPU = Release|Any CPU
	EndGlobalSection
	GlobalSection(ProjectConfigurationPlatforms) = postSolution
		{15E4BE9B-2891-410A-A042-47FE838B1AEC}.Debug|Any CPU.ActiveCfg = Debug|Any CPU
		{15E4BE9B-2891-410A-A042-47FE838B1AEC}.Debug|Any CPU.Build.0 = Debug|Any CPU
		{15E4BE9B-2891-410A-A042-47FE838B1AEC}.Release|Any CPU.ActiveCfg = Release|Any CPU
		{15E4BE9B-2891-410A-A042-47FE838B1AEC}.Release|Any CPU.Build.0 = Release|Any CPU
		{90FD325A-57FF-4FD4-A9A6-FCB32661D5DA}.Debug|Any CPU.ActiveCfg = Debug|Any CPU
		{90FD325A-57FF-4FD4-A9A6-FCB32661D5DA}.Debug|Any CPU.Build.0 = Debug|Any CPU
		{90FD325A-57FF-4FD4-A9A6-FCB32661D5DA}.Release|Any CPU.ActiveCfg = Release|Any CPU
		{90FD325A-57FF-4FD4-A9A6-FCB32661D5DA}.Release|Any CPU.Build.0 = Release|Any CPU
		{0F98E939-EC64-40DA-9630-336A40807BBE}.Debug|Any CPU.ActiveCfg = Debug|Any CPU
		{0F98E939-EC64-40DA-9630-336A40807BBE}.Debug|Any CPU.Build.0 = Debug|Any CPU
		{0F98E939-EC64-40DA-9630-336A40807BBE}.Release|Any CPU.ActiveCfg = Release|Any CPU
		{0F98E939-EC64-40DA-9630-336A40807BBE}.Release|Any CPU.Build.0 = Release|Any CPU
		{3CD39A15-0E0E-4C71-AC8A-A2D3BF9D42AB}.Debug|Any CPU.ActiveCfg = Debug|Any CPU
		{3CD39A15-0E0E-4C71-AC8A-A2D3BF9D42AB}.Debug|Any CPU.Build.0 = Debug|Any CPU
		{3CD39A15-0E0E-4C71-AC8A-A2D3BF9D42AB}.Release|Any CPU.ActiveCfg = Release|Any CPU
		{3CD39A15-0E0E-4C71-AC8A-A2D3BF9D42AB}.Release|Any CPU.Build.0 = Release|Any CPU
		{F2B5CF2A-9FC0-430D-A1BB-AC718E659DBF}.Debug|Any CPU.ActiveCfg = Debug|Any CPU
		{F2B5CF2A-9FC0-430D-A1BB-AC718E659DBF}.Debug|Any CPU.Build.0 = Debug|Any CPU
		{F2B5CF2A-9FC0-430D-A1BB-AC718E659DBF}.Release|Any CPU.ActiveCfg = Release|Any CPU
		{F2B5CF2A-9FC0-430D-A1BB-AC718E659DBF}.Release|Any CPU.Build.0 = Release|Any CPU
		{0BB2CC46-C7C4-4944-843E-ADBE14CEF29B}.Debug|Any CPU.ActiveCfg = Debug|Any CPU
		{0BB2CC46-C7C4-4944-843E-ADBE14CEF29B}.Debug|Any CPU.Build.0 = Debug|Any CPU
		{0BB2CC46-C7C4-4944-843E-ADBE14CEF29B}.Release|Any CPU.ActiveCfg = Release|Any CPU
		{0BB2CC46-C7C4-4944-843E-ADBE14CEF29B}.Release|Any CPU.Build.0 = Release|Any CPU
	EndGlobalSection
	GlobalSection(SolutionProperties) = preSolution
		HideSolutionNode = FALSE
	EndGlobalSection
	GlobalSection(NestedProjects) = preSolution
		{0D917189-B042-45F5-A5C3-F90C7B86B835} = {145CC9B9-A93E-46C1-90F7-DFB81233B39F}
		{ACFA9838-3FB2-4091-8BFF-BCB069D77A4D} = {0D917189-B042-45F5-A5C3-F90C7B86B835}
	EndGlobalSection
	GlobalSection(ExtensibilityGlobals) = postSolution
		SolutionGuid = {24BCF9E2-C2E3-48E9-90BD-E619553ABE3D}
	EndGlobalSection
EndGlobal
