
Microsoft Visual Studio Solution File, Format Version 12.00
# Visual Studio Version 16
VisualStudioVersion = 16.0.30503.244
MinimumVisualStudioVersion = 10.0.40219.1
Project("{9A19103F-16F7-4668-BE54-9A1E7A4F7556}") = "WinGet.RestSource", "WinGet.RestSource\WinGet.RestSource.csproj", "{15E4BE9B-2891-410A-A042-47FE838B1AEC}"
EndProject
Project("{FAE04EC0-301F-11D3-BF4B-00C04F79EFBC}") = "WinGet.Functions", "WinGet.Functions\WinGet.Functions.csproj", "{90FD325A-57FF-4FD4-A9A6-FCB32661D5DA}"
EndProject
Global
	GlobalSection(SolutionConfigurationPlatforms) = preSolution
		Debug|Any CPU = Debug|Any CPU
		Release|Any CPU = Release|Any CPU
	EndGlobalSection
	GlobalSection(ProjectConfigurationPlatforms) = postSolution
		{15E4BE9B-2891-410A-A042-47FE838B1AEC}.Debug|Any CPU.ActiveCfg = Debug|Any CPU
		{15E4BE9B-2891-410A-A042-47FE838B1AEC}.Debug|Any CPU.Build.0 = Debug|Any CPU
		{15E4BE9B-2891-410A-A042-47FE838B1AEC}.Release|Any CPU.ActiveCfg = Release|Any CPU
		{15E4BE9B-2891-410A-A042-47FE838B1AEC}.Release|Any CPU.Build.0 = Release|Any CPU
		{90FD325A-57FF-4FD4-A9A6-FCB32661D5DA}.Debug|Any CPU.ActiveCfg = Debug|Any CPU
		{90FD325A-57FF-4FD4-A9A6-FCB32661D5DA}.Debug|Any CPU.Build.0 = Debug|Any CPU
		{90FD325A-57FF-4FD4-A9A6-FCB32661D5DA}.Release|Any CPU.ActiveCfg = Release|Any CPU
		{90FD325A-57FF-4FD4-A9A6-FCB32661D5DA}.Release|Any CPU.Build.0 = Release|Any CPU
	EndGlobalSection
	GlobalSection(SolutionProperties) = preSolution
		HideSolutionNode = FALSE
	EndGlobalSection
	GlobalSection(ExtensibilityGlobals) = postSolution
		SolutionGuid = {24BCF9E2-C2E3-48E9-90BD-E619553ABE3D}
	EndGlobalSection
EndGlobal
